
Microsoft Visual Studio Solution File, Format Version 12.00
# Visual Studio Version 17
VisualStudioVersion = 17.3.32611.2
MinimumVisualStudioVersion = 10.0.40219.1
Project("{9A19103F-16F7-4668-BE54-9A1E7A4F7556}") = "OrelStateUniversity.API", "OrelStateUniversity.API\OrelStateUniversity.API.csproj", "{9C60275E-8514-4BC2-BF48-D565D1DEEC56}"
EndProject
Project("{FAE04EC0-301F-11D3-BF4B-00C04F79EFBC}") = "OrelStateUniversity.API.Tests", "OrelStateUniversity.API.Tests\OrelStateUniversity.API.Tests.csproj", "{EDD51766-75DD-43F5-B94F-1A1D585FD5D1}"
EndProject
Global
	GlobalSection(SolutionConfigurationPlatforms) = preSolution
		Debug|Any CPU = Debug|Any CPU
		Release|Any CPU = Release|Any CPU
	EndGlobalSection
	GlobalSection(ProjectConfigurationPlatforms) = postSolution
		{9C60275E-8514-4BC2-BF48-D565D1DEEC56}.Debug|Any CPU.ActiveCfg = Debug|Any CPU
		{9C60275E-8514-4BC2-BF48-D565D1DEEC56}.Debug|Any CPU.Build.0 = Debug|Any CPU
		{9C60275E-8514-4BC2-BF48-D565D1DEEC56}.Release|Any CPU.ActiveCfg = Release|Any CPU
		{9C60275E-8514-4BC2-BF48-D565D1DEEC56}.Release|Any CPU.Build.0 = Release|Any CPU
		{EDD51766-75DD-43F5-B94F-1A1D585FD5D1}.Debug|Any CPU.ActiveCfg = Debug|Any CPU
		{EDD51766-75DD-43F5-B94F-1A1D585FD5D1}.Debug|Any CPU.Build.0 = Debug|Any CPU
		{EDD51766-75DD-43F5-B94F-1A1D585FD5D1}.Release|Any CPU.ActiveCfg = Release|Any CPU
		{EDD51766-75DD-43F5-B94F-1A1D585FD5D1}.Release|Any CPU.Build.0 = Release|Any CPU
	EndGlobalSection
	GlobalSection(SolutionProperties) = preSolution
		HideSolutionNode = FALSE
	EndGlobalSection
	GlobalSection(ExtensibilityGlobals) = postSolution
		SolutionGuid = {711B4AE5-614A-4B11-BC62-99EE2BD0C47A}
	EndGlobalSection
EndGlobal
